
Microsoft Visual Studio Solution File, Format Version 12.00
# Visual Studio Version 16
VisualStudioVersion = 16.0.30523.141
MinimumVisualStudioVersion = 10.0.40219.1
Project("{FAE04EC0-301F-11D3-BF4B-00C04F79EFBC}") = "HelloMoto", "HelloMoto\HelloMoto.csproj", "{60CF50A9-0359-481A-A462-0A5B60529530}"
EndProject
Global
	GlobalSection(SolutionConfigurationPlatforms) = preSolution
		Debug|Any CPU = Debug|Any CPU
		Release|Any CPU = Release|Any CPU
	EndGlobalSection
	GlobalSection(ProjectConfigurationPlatforms) = postSolution
		{60CF50A9-0359-481A-A462-0A5B60529530}.Debug|Any CPU.ActiveCfg = Debug|Any CPU
		{60CF50A9-0359-481A-A462-0A5B60529530}.Debug|Any CPU.Build.0 = Debug|Any CPU
		{60CF50A9-0359-481A-A462-0A5B60529530}.Release|Any CPU.ActiveCfg = Release|Any CPU
		{60CF50A9-0359-481A-A462-0A5B60529530}.Release|Any CPU.Build.0 = Release|Any CPU
	EndGlobalSection
	GlobalSection(SolutionProperties) = preSolution
		HideSolutionNode = FALSE
	EndGlobalSection
	GlobalSection(ExtensibilityGlobals) = postSolution
		SolutionGuid = {5F9592E6-B713-46A5-B230-3F00380696F0}
	EndGlobalSection
EndGlobal
